
Microsoft Visual Studio Solution File, Format Version 12.00
# Visual Studio 2012
Project("{FAE04EC0-301F-11D3-BF4B-00C04F79EFBC}") = "WcgAssgn", "WcgAssgn\WcgAssgn.csproj", "{199A82A0-D058-41DC-BAC6-67FC9E163D3E}"
EndProject
Project("{FAE04EC0-301F-11D3-BF4B-00C04F79EFBC}") = "Client", "Client\Client.csproj", "{15D8BC92-59D9-49B6-91FA-B3DC6D7FDB94}"
	ProjectSection(ProjectDependencies) = postProject
		{199A82A0-D058-41DC-BAC6-67FC9E163D3E} = {199A82A0-D058-41DC-BAC6-67FC9E163D3E}
	EndProjectSection
EndProject
Project("{FAE04EC0-301F-11D3-BF4B-00C04F79EFBC}") = "ServerFixture", "ServerFixture\ServerFixture.csproj", "{F3056BE3-2A8D-4818-B0CE-3F605DA8255F}"
EndProject
Project("{FAE04EC0-301F-11D3-BF4B-00C04F79EFBC}") = "Validate", "Validate\Validate.csproj", "{7D287B0F-F65E-4125-94A6-6E65EE88A90D}"
EndProject
Global
	GlobalSection(SolutionConfigurationPlatforms) = preSolution
		Debug|Any CPU = Debug|Any CPU
		Release|Any CPU = Release|Any CPU
	EndGlobalSection
	GlobalSection(ProjectConfigurationPlatforms) = postSolution
		{199A82A0-D058-41DC-BAC6-67FC9E163D3E}.Debug|Any CPU.ActiveCfg = Debug|Any CPU
		{199A82A0-D058-41DC-BAC6-67FC9E163D3E}.Debug|Any CPU.Build.0 = Debug|Any CPU
		{199A82A0-D058-41DC-BAC6-67FC9E163D3E}.Release|Any CPU.ActiveCfg = Release|Any CPU
		{199A82A0-D058-41DC-BAC6-67FC9E163D3E}.Release|Any CPU.Build.0 = Release|Any CPU
		{15D8BC92-59D9-49B6-91FA-B3DC6D7FDB94}.Debug|Any CPU.ActiveCfg = Debug|Any CPU
		{15D8BC92-59D9-49B6-91FA-B3DC6D7FDB94}.Debug|Any CPU.Build.0 = Debug|Any CPU
		{15D8BC92-59D9-49B6-91FA-B3DC6D7FDB94}.Release|Any CPU.ActiveCfg = Release|Any CPU
		{15D8BC92-59D9-49B6-91FA-B3DC6D7FDB94}.Release|Any CPU.Build.0 = Release|Any CPU
		{F3056BE3-2A8D-4818-B0CE-3F605DA8255F}.Debug|Any CPU.ActiveCfg = Debug|Any CPU
		{F3056BE3-2A8D-4818-B0CE-3F605DA8255F}.Debug|Any CPU.Build.0 = Debug|Any CPU
		{F3056BE3-2A8D-4818-B0CE-3F605DA8255F}.Release|Any CPU.ActiveCfg = Release|Any CPU
		{F3056BE3-2A8D-4818-B0CE-3F605DA8255F}.Release|Any CPU.Build.0 = Release|Any CPU
		{7D287B0F-F65E-4125-94A6-6E65EE88A90D}.Debug|Any CPU.ActiveCfg = Debug|Any CPU
		{7D287B0F-F65E-4125-94A6-6E65EE88A90D}.Debug|Any CPU.Build.0 = Debug|Any CPU
		{7D287B0F-F65E-4125-94A6-6E65EE88A90D}.Release|Any CPU.ActiveCfg = Release|Any CPU
		{7D287B0F-F65E-4125-94A6-6E65EE88A90D}.Release|Any CPU.Build.0 = Release|Any CPU
	EndGlobalSection
	GlobalSection(SolutionProperties) = preSolution
		HideSolutionNode = FALSE
	EndGlobalSection
EndGlobal
