
Microsoft Visual Studio Solution File, Format Version 12.00
# Visual Studio 2012
Project("{FAE04EC0-301F-11D3-BF4B-00C04F79EFBC}") = "WcgAssgn", "WcgAssgn\WcgAssgn.csproj", "{199A82A0-D058-41DC-BAC6-67FC9E163D3E}"
EndProject
Project("{FAE04EC0-301F-11D3-BF4B-00C04F79EFBC}") = "Client", "Client\Client.csproj", "{65321241-009B-4CBE-9EFE-F8F9C8B45C9B}"
	ProjectSection(ProjectDependencies) = postProject
		{199A82A0-D058-41DC-BAC6-67FC9E163D3E} = {199A82A0-D058-41DC-BAC6-67FC9E163D3E}
	EndProjectSection
EndProject
Global
	GlobalSection(SolutionConfigurationPlatforms) = preSolution
		Debug|Any CPU = Debug|Any CPU
		Release|Any CPU = Release|Any CPU
	EndGlobalSection
	GlobalSection(ProjectConfigurationPlatforms) = postSolution
		{199A82A0-D058-41DC-BAC6-67FC9E163D3E}.Debug|Any CPU.ActiveCfg = Debug|Any CPU
		{199A82A0-D058-41DC-BAC6-67FC9E163D3E}.Debug|Any CPU.Build.0 = Debug|Any CPU
		{199A82A0-D058-41DC-BAC6-67FC9E163D3E}.Release|Any CPU.ActiveCfg = Release|Any CPU
		{199A82A0-D058-41DC-BAC6-67FC9E163D3E}.Release|Any CPU.Build.0 = Release|Any CPU
		{65321241-009B-4CBE-9EFE-F8F9C8B45C9B}.Debug|Any CPU.ActiveCfg = Debug|Any CPU
		{65321241-009B-4CBE-9EFE-F8F9C8B45C9B}.Debug|Any CPU.Build.0 = Debug|Any CPU
		{65321241-009B-4CBE-9EFE-F8F9C8B45C9B}.Release|Any CPU.ActiveCfg = Release|Any CPU
		{65321241-009B-4CBE-9EFE-F8F9C8B45C9B}.Release|Any CPU.Build.0 = Release|Any CPU
	EndGlobalSection
	GlobalSection(SolutionProperties) = preSolution
		HideSolutionNode = FALSE
	EndGlobalSection
EndGlobal
